
Microsoft Visual Studio Solution File, Format Version 12.00
# Visual Studio 15
VisualStudioVersion = 15.0.28010.2046
MinimumVisualStudioVersion = 10.0.40219.1
Project("{8BC9CEB8-8B4A-11D0-8D11-00A0C91BC942}") = "Minion", "Minion.vcxproj", "{E753BCB8-E2AE-43CD-BC7C-CE757606AE30}"
EndProject
Project("{8BC9CEB8-8B4A-11D0-8D11-00A0C91BC942}") = "Test_Error", "TestError\TestError.vcxproj", "{14C6635C-D999-42A0-A2DE-7A5390A40FEF}"
EndProject
Project("{8BC9CEB8-8B4A-11D0-8D11-00A0C91BC942}") = "Test_TaskQueue", "TestTaskQueue\TestTaskQueue.vcxproj", "{116C362B-FC99-40AB-8446-521DF2C460A1}"
EndProject
Project("{8BC9CEB8-8B4A-11D0-8D11-00A0C91BC942}") = "Test_ThreadPool", "Test_ThreadPool\Test_ThreadPool.vcxproj", "{FE778220-708A-4158-AB77-5585F4F7B9EE}"
EndProject
Project("{2150E333-8FDC-42A3-9474-1A3956D46DE8}") = "Tests", "Tests", "{4586F30F-ADBB-4D0E-AE28-6D84C69ACF69}"
EndProject
Project("{8BC9CEB8-8B4A-11D0-8D11-00A0C91BC942}") = "Test_Actor", "Test_Actor\Test_Actor.vcxproj", "{6454D637-A2EF-4321-98AF-88B50F2D3914}"
EndProject
Project("{8BC9CEB8-8B4A-11D0-8D11-00A0C91BC942}") = "Test_Http", "Test_Http\Test_Http.vcxproj", "{DC273F66-F7AD-45DB-92F0-7EC86F5676B8}"
EndProject
Project("{8BC9CEB8-8B4A-11D0-8D11-00A0C91BC942}") = "Test_Board", "Test_Board\Test_Board.vcxproj", "{F0E2E0F1-951A-44FC-AE82-5273ABF8A96D}"
EndProject
Project("{8BC9CEB8-8B4A-11D0-8D11-00A0C91BC942}") = "Test_UIActor", "Test_UIActor\Test_UIActor.vcxproj", "{EA6931AD-5878-4E44-B403-EEFFF41F10C6}"
EndProject
Project("{8BC9CEB8-8B4A-11D0-8D11-00A0C91BC942}") = "Test_BuildApp", "Test_BuildApp\Test_BuildApp.vcxproj", "{36D5F355-6875-4909-8870-953BED8D1211}"
EndProject
Project("{8BC9CEB8-8B4A-11D0-8D11-00A0C91BC942}") = "Test_BoardCore", "Test_BoardCore\Test_BoardCore.vcxproj", "{2205AED9-E2B8-455C-B524-BB07413C4CEA}"
EndProject
Global
	GlobalSection(SolutionConfigurationPlatforms) = preSolution
		Debug|x64 = Debug|x64
		Debug|x86 = Debug|x86
		Release|x64 = Release|x64
		Release|x86 = Release|x86
	EndGlobalSection
	GlobalSection(ProjectConfigurationPlatforms) = postSolution
		{E753BCB8-E2AE-43CD-BC7C-CE757606AE30}.Debug|x64.ActiveCfg = Debug|x64
		{E753BCB8-E2AE-43CD-BC7C-CE757606AE30}.Debug|x64.Build.0 = Debug|x64
		{E753BCB8-E2AE-43CD-BC7C-CE757606AE30}.Debug|x86.ActiveCfg = Debug|Win32
		{E753BCB8-E2AE-43CD-BC7C-CE757606AE30}.Debug|x86.Build.0 = Debug|Win32
		{E753BCB8-E2AE-43CD-BC7C-CE757606AE30}.Release|x64.ActiveCfg = Release|x64
		{E753BCB8-E2AE-43CD-BC7C-CE757606AE30}.Release|x64.Build.0 = Release|x64
		{E753BCB8-E2AE-43CD-BC7C-CE757606AE30}.Release|x86.ActiveCfg = Release|Win32
		{E753BCB8-E2AE-43CD-BC7C-CE757606AE30}.Release|x86.Build.0 = Release|Win32
		{14C6635C-D999-42A0-A2DE-7A5390A40FEF}.Debug|x64.ActiveCfg = Debug|x64
		{14C6635C-D999-42A0-A2DE-7A5390A40FEF}.Debug|x64.Build.0 = Debug|x64
		{14C6635C-D999-42A0-A2DE-7A5390A40FEF}.Debug|x86.ActiveCfg = Debug|Win32
		{14C6635C-D999-42A0-A2DE-7A5390A40FEF}.Debug|x86.Build.0 = Debug|Win32
		{14C6635C-D999-42A0-A2DE-7A5390A40FEF}.Release|x64.ActiveCfg = Release|x64
		{14C6635C-D999-42A0-A2DE-7A5390A40FEF}.Release|x64.Build.0 = Release|x64
		{14C6635C-D999-42A0-A2DE-7A5390A40FEF}.Release|x86.ActiveCfg = Release|Win32
		{14C6635C-D999-42A0-A2DE-7A5390A40FEF}.Release|x86.Build.0 = Release|Win32
		{116C362B-FC99-40AB-8446-521DF2C460A1}.Debug|x64.ActiveCfg = Debug|x64
		{116C362B-FC99-40AB-8446-521DF2C460A1}.Debug|x64.Build.0 = Debug|x64
		{116C362B-FC99-40AB-8446-521DF2C460A1}.Debug|x86.ActiveCfg = Debug|Win32
		{116C362B-FC99-40AB-8446-521DF2C460A1}.Debug|x86.Build.0 = Debug|Win32
		{116C362B-FC99-40AB-8446-521DF2C460A1}.Release|x64.ActiveCfg = Release|x64
		{116C362B-FC99-40AB-8446-521DF2C460A1}.Release|x64.Build.0 = Release|x64
		{116C362B-FC99-40AB-8446-521DF2C460A1}.Release|x86.ActiveCfg = Release|Win32
		{116C362B-FC99-40AB-8446-521DF2C460A1}.Release|x86.Build.0 = Release|Win32
		{FE778220-708A-4158-AB77-5585F4F7B9EE}.Debug|x64.ActiveCfg = Debug|x64
		{FE778220-708A-4158-AB77-5585F4F7B9EE}.Debug|x64.Build.0 = Debug|x64
		{FE778220-708A-4158-AB77-5585F4F7B9EE}.Debug|x86.ActiveCfg = Debug|Win32
		{FE778220-708A-4158-AB77-5585F4F7B9EE}.Debug|x86.Build.0 = Debug|Win32
		{FE778220-708A-4158-AB77-5585F4F7B9EE}.Release|x64.ActiveCfg = Release|x64
		{FE778220-708A-4158-AB77-5585F4F7B9EE}.Release|x64.Build.0 = Release|x64
		{FE778220-708A-4158-AB77-5585F4F7B9EE}.Release|x86.ActiveCfg = Release|Win32
		{FE778220-708A-4158-AB77-5585F4F7B9EE}.Release|x86.Build.0 = Release|Win32
		{6454D637-A2EF-4321-98AF-88B50F2D3914}.Debug|x64.ActiveCfg = Debug|x64
		{6454D637-A2EF-4321-98AF-88B50F2D3914}.Debug|x64.Build.0 = Debug|x64
		{6454D637-A2EF-4321-98AF-88B50F2D3914}.Debug|x86.ActiveCfg = Debug|Win32
		{6454D637-A2EF-4321-98AF-88B50F2D3914}.Debug|x86.Build.0 = Debug|Win32
		{6454D637-A2EF-4321-98AF-88B50F2D3914}.Release|x64.ActiveCfg = Release|x64
		{6454D637-A2EF-4321-98AF-88B50F2D3914}.Release|x64.Build.0 = Release|x64
		{6454D637-A2EF-4321-98AF-88B50F2D3914}.Release|x86.ActiveCfg = Release|Win32
		{6454D637-A2EF-4321-98AF-88B50F2D3914}.Release|x86.Build.0 = Release|Win32
		{DC273F66-F7AD-45DB-92F0-7EC86F5676B8}.Debug|x64.ActiveCfg = Debug|x64
		{DC273F66-F7AD-45DB-92F0-7EC86F5676B8}.Debug|x64.Build.0 = Debug|x64
		{DC273F66-F7AD-45DB-92F0-7EC86F5676B8}.Debug|x86.ActiveCfg = Debug|Win32
		{DC273F66-F7AD-45DB-92F0-7EC86F5676B8}.Debug|x86.Build.0 = Debug|Win32
		{DC273F66-F7AD-45DB-92F0-7EC86F5676B8}.Release|x64.ActiveCfg = Release|x64
		{DC273F66-F7AD-45DB-92F0-7EC86F5676B8}.Release|x64.Build.0 = Release|x64
		{DC273F66-F7AD-45DB-92F0-7EC86F5676B8}.Release|x86.ActiveCfg = Release|Win32
		{DC273F66-F7AD-45DB-92F0-7EC86F5676B8}.Release|x86.Build.0 = Release|Win32
		{F0E2E0F1-951A-44FC-AE82-5273ABF8A96D}.Debug|x64.ActiveCfg = Debug|x64
		{F0E2E0F1-951A-44FC-AE82-5273ABF8A96D}.Debug|x64.Build.0 = Debug|x64
		{F0E2E0F1-951A-44FC-AE82-5273ABF8A96D}.Debug|x86.ActiveCfg = Debug|Win32
		{F0E2E0F1-951A-44FC-AE82-5273ABF8A96D}.Debug|x86.Build.0 = Debug|Win32
		{F0E2E0F1-951A-44FC-AE82-5273ABF8A96D}.Release|x64.ActiveCfg = Release|x64
		{F0E2E0F1-951A-44FC-AE82-5273ABF8A96D}.Release|x64.Build.0 = Release|x64
		{F0E2E0F1-951A-44FC-AE82-5273ABF8A96D}.Release|x86.ActiveCfg = Release|Win32
		{F0E2E0F1-951A-44FC-AE82-5273ABF8A96D}.Release|x86.Build.0 = Release|Win32
		{EA6931AD-5878-4E44-B403-EEFFF41F10C6}.Debug|x64.ActiveCfg = Debug|x64
		{EA6931AD-5878-4E44-B403-EEFFF41F10C6}.Debug|x64.Build.0 = Debug|x64
		{EA6931AD-5878-4E44-B403-EEFFF41F10C6}.Debug|x86.ActiveCfg = Debug|Win32
		{EA6931AD-5878-4E44-B403-EEFFF41F10C6}.Debug|x86.Build.0 = Debug|Win32
		{EA6931AD-5878-4E44-B403-EEFFF41F10C6}.Release|x64.ActiveCfg = Release|x64
		{EA6931AD-5878-4E44-B403-EEFFF41F10C6}.Release|x64.Build.0 = Release|x64
		{EA6931AD-5878-4E44-B403-EEFFF41F10C6}.Release|x86.ActiveCfg = Release|Win32
		{EA6931AD-5878-4E44-B403-EEFFF41F10C6}.Release|x86.Build.0 = Release|Win32
		{36D5F355-6875-4909-8870-953BED8D1211}.Debug|x64.ActiveCfg = Debug|x64
		{36D5F355-6875-4909-8870-953BED8D1211}.Debug|x64.Build.0 = Debug|x64
		{36D5F355-6875-4909-8870-953BED8D1211}.Debug|x86.ActiveCfg = Debug|Win32
		{36D5F355-6875-4909-8870-953BED8D1211}.Debug|x86.Build.0 = Debug|Win32
		{36D5F355-6875-4909-8870-953BED8D1211}.Release|x64.ActiveCfg = Release|x64
		{36D5F355-6875-4909-8870-953BED8D1211}.Release|x64.Build.0 = Release|x64
		{36D5F355-6875-4909-8870-953BED8D1211}.Release|x86.ActiveCfg = Release|Win32
		{36D5F355-6875-4909-8870-953BED8D1211}.Release|x86.Build.0 = Release|Win32
		{2205AED9-E2B8-455C-B524-BB07413C4CEA}.Debug|x64.ActiveCfg = Debug|x64
		{2205AED9-E2B8-455C-B524-BB07413C4CEA}.Debug|x64.Build.0 = Debug|x64
		{2205AED9-E2B8-455C-B524-BB07413C4CEA}.Debug|x86.ActiveCfg = Debug|Win32
		{2205AED9-E2B8-455C-B524-BB07413C4CEA}.Debug|x86.Build.0 = Debug|Win32
		{2205AED9-E2B8-455C-B524-BB07413C4CEA}.Release|x64.ActiveCfg = Release|x64
		{2205AED9-E2B8-455C-B524-BB07413C4CEA}.Release|x64.Build.0 = Release|x64
		{2205AED9-E2B8-455C-B524-BB07413C4CEA}.Release|x86.ActiveCfg = Release|Win32
		{2205AED9-E2B8-455C-B524-BB07413C4CEA}.Release|x86.Build.0 = Release|Win32
	EndGlobalSection
	GlobalSection(SolutionProperties) = preSolution
		HideSolutionNode = FALSE
	EndGlobalSection
	GlobalSection(NestedProjects) = preSolution
		{14C6635C-D999-42A0-A2DE-7A5390A40FEF} = {4586F30F-ADBB-4D0E-AE28-6D84C69ACF69}
		{116C362B-FC99-40AB-8446-521DF2C460A1} = {4586F30F-ADBB-4D0E-AE28-6D84C69ACF69}
		{FE778220-708A-4158-AB77-5585F4F7B9EE} = {4586F30F-ADBB-4D0E-AE28-6D84C69ACF69}
		{6454D637-A2EF-4321-98AF-88B50F2D3914} = {4586F30F-ADBB-4D0E-AE28-6D84C69ACF69}
		{DC273F66-F7AD-45DB-92F0-7EC86F5676B8} = {4586F30F-ADBB-4D0E-AE28-6D84C69ACF69}
		{F0E2E0F1-951A-44FC-AE82-5273ABF8A96D} = {4586F30F-ADBB-4D0E-AE28-6D84C69ACF69}
		{EA6931AD-5878-4E44-B403-EEFFF41F10C6} = {4586F30F-ADBB-4D0E-AE28-6D84C69ACF69}
		{36D5F355-6875-4909-8870-953BED8D1211} = {4586F30F-ADBB-4D0E-AE28-6D84C69ACF69}
		{2205AED9-E2B8-455C-B524-BB07413C4CEA} = {4586F30F-ADBB-4D0E-AE28-6D84C69ACF69}
	EndGlobalSection
	GlobalSection(ExtensibilityGlobals) = postSolution
		SolutionGuid = {B5ECD421-3C2A-4A33-8722-8B6A205307AD}
	EndGlobalSection
EndGlobal
